{
  "name": "arthurdex-backend",
  "version": "1.0.0",
  "lockfileVersion": 3,
  "requires": true,
  "packages": {
    "": {
      "name": "arthurdex-backend",
      "version": "1.0.0",
      "dependencies": {
        "@hashgraph/sdk": "^2.27.0",
        "bcrypt": "^5.1.1",
        "cors": "^2.8.5",
        "dotenv": "^16.3.1",
        "express": "^4.19.2",
        "jsonwebtoken": "^9.0.2",
        "mongoose": "^7.6.3",
        "morgan": "^1.10.0",
        "helmet": "^7.0.0"
      },
      "devDependencies": {
        "nodemon": "^3.1.0"
      }
    }
  }
}
